
Microsoft Visual Studio Solution File, Format Version 12.00
# Visual Studio Version 16
VisualStudioVersion = 16.0.30128.74
MinimumVisualStudioVersion = 10.0.40219.1
Project("{FAE04EC0-301F-11D3-BF4B-00C04F79EFBC}") = "mailerCLI", "mailerCLI.csproj", "{8C7C5829-5E7F-4C51-925C-9E58E6AB4732}"
EndProject
Global
	GlobalSection(SolutionConfigurationPlatforms) = preSolution
		Debug|Any CPU = Debug|Any CPU
		Release|Any CPU = Release|Any CPU
	EndGlobalSection
	GlobalSection(ProjectConfigurationPlatforms) = postSolution
		{8C7C5829-5E7F-4C51-925C-9E58E6AB4732}.Debug|Any CPU.ActiveCfg = Debug|Any CPU
		{8C7C5829-5E7F-4C51-925C-9E58E6AB4732}.Debug|Any CPU.Build.0 = Debug|Any CPU
		{8C7C5829-5E7F-4C51-925C-9E58E6AB4732}.Release|Any CPU.ActiveCfg = Release|Any CPU
		{8C7C5829-5E7F-4C51-925C-9E58E6AB4732}.Release|Any CPU.Build.0 = Release|Any CPU
	EndGlobalSection
	GlobalSection(SolutionProperties) = preSolution
		HideSolutionNode = FALSE
	EndGlobalSection
	GlobalSection(ExtensibilityGlobals) = postSolution
		SolutionGuid = {5FC99FF2-371B-44C4-8EE2-C39A4DA734C8}
	EndGlobalSection
EndGlobal
